
Microsoft Visual Studio Solution File, Format Version 12.00
# Visual Studio Version 17
VisualStudioVersion = 17.8.34330.188
MinimumVisualStudioVersion = 10.0.40219.1
Project("{FAE04EC0-301F-11D3-BF4B-00C04F79EFBC}") = "Playfair", "Playfair\Playfair.csproj", "{6E1AA858-19F9-4AB1-BABF-3A8D94B6CD96}"
EndProject
Global
	GlobalSection(SolutionConfigurationPlatforms) = preSolution
		Debug|Any CPU = Debug|Any CPU
		Release|Any CPU = Release|Any CPU
	EndGlobalSection
	GlobalSection(ProjectConfigurationPlatforms) = postSolution
		{6E1AA858-19F9-4AB1-BABF-3A8D94B6CD96}.Debug|Any CPU.ActiveCfg = Debug|Any CPU
		{6E1AA858-19F9-4AB1-BABF-3A8D94B6CD96}.Debug|Any CPU.Build.0 = Debug|Any CPU
		{6E1AA858-19F9-4AB1-BABF-3A8D94B6CD96}.Release|Any CPU.ActiveCfg = Release|Any CPU
		{6E1AA858-19F9-4AB1-BABF-3A8D94B6CD96}.Release|Any CPU.Build.0 = Release|Any CPU
	EndGlobalSection
	GlobalSection(SolutionProperties) = preSolution
		HideSolutionNode = FALSE
	EndGlobalSection
	GlobalSection(ExtensibilityGlobals) = postSolution
		SolutionGuid = {4234161B-E2FE-43E6-BE91-E80970DF23D9}
	EndGlobalSection
EndGlobal
